// !$*UTF8*$!
{
	archiveVersion = 1;
	classes = {
	};
	objectVersion = 46;
	objects = {

/* Begin PBXBuildFile section */
		5A1807E61DD021C30097D8FB /* ThreadViewController.swift in Sources */ = {isa = PBXBuildFile; fileRef = 5A1807E51DD021C30097D8FB /* ThreadViewController.swift */; };
		5A4C1A411DC9CA8C00162CD9 /* AppDelegate.swift in Sources */ = {isa = PBXBuildFile; fileRef = 5A4C1A401DC9CA8C00162CD9 /* AppDelegate.swift */; };
		5A4C1A431DC9CA8C00162CD9 /* ViewController.swift in Sources */ = {isa = PBXBuildFile; fileRef = 5A4C1A421DC9CA8C00162CD9 /* ViewController.swift */; };
		5A4C1A481DC9CA8C00162CD9 /* Assets.xcassets in Resources */ = {isa = PBXBuildFile; fileRef = 5A4C1A471DC9CA8C00162CD9 /* Assets.xcassets */; };
		5A4C1A4B1DC9CA8C00162CD9 /* LaunchScreen.storyboard in Resources */ = {isa = PBXBuildFile; fileRef = 5A4C1A491DC9CA8C00162CD9 /* LaunchScreen.storyboard */; };
		5A4C1A561DC9CA8C00162CD9 /* ios_base_useTests.swift in Sources */ = {isa = PBXBuildFile; fileRef = 5A4C1A551DC9CA8C00162CD9 /* ios_base_useTests.swift */; };
		5A4C1A611DC9CA8C00162CD9 /* ios_base_useUITests.swift in Sources */ = {isa = PBXBuildFile; fileRef = 5A4C1A601DC9CA8C00162CD9 /* ios_base_useUITests.swift */; };
		5A4C1A6F1DC9D23100162CD9 /* TableViewController.swift in Sources */ = {isa = PBXBuildFile; fileRef = 5A4C1A6E1DC9D23100162CD9 /* TableViewController.swift */; };
		5A5425D81DCC7168002AFD3D /* MyProgressViewController.swift in Sources */ = {isa = PBXBuildFile; fileRef = 5A5425D71DCC7168002AFD3D /* MyProgressViewController.swift */; };
		5A572EB31DD5586B00EDBA68 /* TabBarViewController.swift in Sources */ = {isa = PBXBuildFile; fileRef = 5A572EB21DD5586B00EDBA68 /* TabBarViewController.swift */; };
		5A6D81C71DCB2A930051F3DC /* NavigationSecondViewController.swift in Sources */ = {isa = PBXBuildFile; fileRef = 5A6D81C61DCB2A930051F3DC /* NavigationSecondViewController.swift */; };
		5A8369961DCC0F2000A0A9CB /* AlertDialogViewController.swift in Sources */ = {isa = PBXBuildFile; fileRef = 5A8369951DCC0F2000A0A9CB /* AlertDialogViewController.swift */; };
		5A8369981DCC175500A0A9CB /* ValueSendFristViewController.swift in Sources */ = {isa = PBXBuildFile; fileRef = 5A8369971DCC175500A0A9CB /* ValueSendFristViewController.swift */; };
		5A83699A1DCC176F00A0A9CB /* ValueSendSecondViewController.swift in Sources */ = {isa = PBXBuildFile; fileRef = 5A8369991DCC176F00A0A9CB /* ValueSendSecondViewController.swift */; };
		5A8E1C711DCAD77B00A81624 /* MyTableViewController.swift in Sources */ = {isa = PBXBuildFile; fileRef = 5A8E1C701DCAD77B00A81624 /* MyTableViewController.swift */; };
		5A8E1C731DCAE3E000A81624 /* NavifationFristViewController.swift in Sources */ = {isa = PBXBuildFile; fileRef = 5A8E1C721DCAE3E000A81624 /* NavifationFristViewController.swift */; };
		5AC4D5C41DCC325500A89863 /* Main.storyboard in Resources */ = {isa = PBXBuildFile; fileRef = 5AC4D5C21DCC325500A89863 /* Main.storyboard */; };
		5AC797981DD44B1600B0A183 /* JsonViewController.swift in Sources */ = {isa = PBXBuildFile; fileRef = 5AC797941DD44B1600B0A183 /* JsonViewController.swift */; };
		5AC797991DD44B1600B0A183 /* MyRootViewController.swift in Sources */ = {isa = PBXBuildFile; fileRef = 5AC797951DD44B1600B0A183 /* MyRootViewController.swift */; };
		5AC7979B1DD44B1600B0A183 /* ProgressViewController.swift in Sources */ = {isa = PBXBuildFile; fileRef = 5AC797971DD44B1600B0A183 /* ProgressViewController.swift */; };
/* End PBXBuildFile section */

/* Begin PBXContainerItemProxy section */
		5A4C1A521DC9CA8C00162CD9 /* PBXContainerItemProxy */ = {
			isa = PBXContainerItemProxy;
			containerPortal = 5A4C1A351DC9CA8C00162CD9 /* Project object */;
			proxyType = 1;
			remoteGlobalIDString = 5A4C1A3C1DC9CA8C00162CD9;
			remoteInfo = ios_base_use;
		};
		5A4C1A5D1DC9CA8C00162CD9 /* PBXContainerItemProxy */ = {
			isa = PBXContainerItemProxy;
			containerPortal = 5A4C1A351DC9CA8C00162CD9 /* Project object */;
			proxyType = 1;
			remoteGlobalIDString = 5A4C1A3C1DC9CA8C00162CD9;
			remoteInfo = ios_base_use;
		};
/* End PBXContainerItemProxy section */

/* Begin PBXFileReference section */
		5A1807E51DD021C30097D8FB /* ThreadViewController.swift */ = {isa = PBXFileReference; fileEncoding = 4; lastKnownFileType = sourcecode.swift; path = ThreadViewController.swift; sourceTree = "<group>"; };
		5A4C1A3D1DC9CA8C00162CD9 /* ios_base_use.app */ = {isa = PBXFileReference; explicitFileType = wrapper.application; includeInIndex = 0; path = ios_base_use.app; sourceTree = BUILT_PRODUCTS_DIR; };
		5A4C1A401DC9CA8C00162CD9 /* AppDelegate.swift */ = {isa = PBXFileReference; lastKnownFileType = sourcecode.swift; path = AppDelegate.swift; sourceTree = "<group>"; };
		5A4C1A421DC9CA8C00162CD9 /* ViewController.swift */ = {isa = PBXFileReference; lastKnownFileType = sourcecode.swift; path = ViewController.swift; sourceTree = "<group>"; };
		5A4C1A471DC9CA8C00162CD9 /* Assets.xcassets */ = {isa = PBXFileReference; lastKnownFileType = folder.assetcatalog; path = Assets.xcassets; sourceTree = "<group>"; };
		5A4C1A4A1DC9CA8C00162CD9 /* Base */ = {isa = PBXFileReference; lastKnownFileType = file.storyboard; name = Base; path = Base.lproj/LaunchScreen.storyboard; sourceTree = "<group>"; };
		5A4C1A4C1DC9CA8C00162CD9 /* Info.plist */ = {isa = PBXFileReference; lastKnownFileType = text.plist.xml; path = Info.plist; sourceTree = "<group>"; };
		5A4C1A511DC9CA8C00162CD9 /* ios_base_useTests.xctest */ = {isa = PBXFileReference; explicitFileType = wrapper.cfbundle; includeInIndex = 0; path = ios_base_useTests.xctest; sourceTree = BUILT_PRODUCTS_DIR; };
		5A4C1A551DC9CA8C00162CD9 /* ios_base_useTests.swift */ = {isa = PBXFileReference; lastKnownFileType = sourcecode.swift; path = ios_base_useTests.swift; sourceTree = "<group>"; };
		5A4C1A571DC9CA8C00162CD9 /* Info.plist */ = {isa = PBXFileReference; lastKnownFileType = text.plist.xml; path = Info.plist; sourceTree = "<group>"; };
		5A4C1A5C1DC9CA8C00162CD9 /* ios_base_useUITests.xctest */ = {isa = PBXFileReference; explicitFileType = wrapper.cfbundle; includeInIndex = 0; path = ios_base_useUITests.xctest; sourceTree = BUILT_PRODUCTS_DIR; };
		5A4C1A601DC9CA8C00162CD9 /* ios_base_useUITests.swift */ = {isa = PBXFileReference; lastKnownFileType = sourcecode.swift; path = ios_base_useUITests.swift; sourceTree = "<group>"; };
		5A4C1A621DC9CA8C00162CD9 /* Info.plist */ = {isa = PBXFileReference; lastKnownFileType = text.plist.xml; path = Info.plist; sourceTree = "<group>"; };
		5A4C1A6E1DC9D23100162CD9 /* TableViewController.swift */ = {isa = PBXFileReference; fileEncoding = 4; lastKnownFileType = sourcecode.swift; path = TableViewController.swift; sourceTree = "<group>"; };
		5A5425D71DCC7168002AFD3D /* MyProgressViewController.swift */ = {isa = PBXFileReference; fileEncoding = 4; lastKnownFileType = sourcecode.swift; path = MyProgressViewController.swift; sourceTree = "<group>"; };
		5A572EB21DD5586B00EDBA68 /* TabBarViewController.swift */ = {isa = PBXFileReference; fileEncoding = 4; lastKnownFileType = sourcecode.swift; path = TabBarViewController.swift; sourceTree = "<group>"; };
		5A6D81C61DCB2A930051F3DC /* NavigationSecondViewController.swift */ = {isa = PBXFileReference; fileEncoding = 4; lastKnownFileType = sourcecode.swift; path = NavigationSecondViewController.swift; sourceTree = "<group>"; };
		5A8369951DCC0F2000A0A9CB /* AlertDialogViewController.swift */ = {isa = PBXFileReference; fileEncoding = 4; lastKnownFileType = sourcecode.swift; path = AlertDialogViewController.swift; sourceTree = "<group>"; };
		5A8369971DCC175500A0A9CB /* ValueSendFristViewController.swift */ = {isa = PBXFileReference; fileEncoding = 4; lastKnownFileType = sourcecode.swift; path = ValueSendFristViewController.swift; sourceTree = "<group>"; };
		5A8369991DCC176F00A0A9CB /* ValueSendSecondViewController.swift */ = {isa = PBXFileReference; fileEncoding = 4; lastKnownFileType = sourcecode.swift; path = ValueSendSecondViewController.swift; sourceTree = "<group>"; };
		5A8E1C701DCAD77B00A81624 /* MyTableViewController.swift */ = {isa = PBXFileReference; fileEncoding = 4; lastKnownFileType = sourcecode.swift; path = MyTableViewController.swift; sourceTree = "<group>"; };
		5A8E1C721DCAE3E000A81624 /* NavifationFristViewController.swift */ = {isa = PBXFileReference; fileEncoding = 4; lastKnownFileType = sourcecode.swift; path = NavifationFristViewController.swift; sourceTree = "<group>"; };
		5AC4D5C31DCC325500A89863 /* Base */ = {isa = PBXFileReference; lastKnownFileType = file.storyboard; name = Base; path = Base.lproj/Main.storyboard; sourceTree = "<group>"; };
		5AC797941DD44B1600B0A183 /* JsonViewController.swift */ = {isa = PBXFileReference; fileEncoding = 4; lastKnownFileType = sourcecode.swift; path = JsonViewController.swift; sourceTree = "<group>"; };
		5AC797951DD44B1600B0A183 /* MyRootViewController.swift */ = {isa = PBXFileReference; fileEncoding = 4; lastKnownFileType = sourcecode.swift; path = MyRootViewController.swift; sourceTree = "<group>"; };
		5AC797971DD44B1600B0A183 /* ProgressViewController.swift */ = {isa = PBXFileReference; fileEncoding = 4; lastKnownFileType = sourcecode.swift; path = ProgressViewController.swift; sourceTree = "<group>"; };
/* End PBXFileReference section */

/* Begin PBXFrameworksBuildPhase section */
		5A4C1A3A1DC9CA8C00162CD9 /* Frameworks */ = {
			isa = PBXFrameworksBuildPhase;
			buildActionMask = 2147483647;
			files = (
			);
			runOnlyForDeploymentPostprocessing = 0;
		};
		5A4C1A4E1DC9CA8C00162CD9 /* Frameworks */ = {
			isa = PBXFrameworksBuildPhase;
			buildActionMask = 2147483647;
			files = (
			);
			runOnlyForDeploymentPostprocessing = 0;
		};
		5A4C1A591DC9CA8C00162CD9 /* Frameworks */ = {
			isa = PBXFrameworksBuildPhase;
			buildActionMask = 2147483647;
			files = (
			);
			runOnlyForDeploymentPostprocessing = 0;
		};
/* End PBXFrameworksBuildPhase section */

/* Begin PBXGroup section */
		5A4C1A341DC9CA8C00162CD9 = {
			isa = PBXGroup;
			children = (
				5A4C1A3F1DC9CA8C00162CD9 /* iso_base_use */,
				5A4C1A541DC9CA8C00162CD9 /* ios_base_useTests */,
				5A4C1A5F1DC9CA8C00162CD9 /* ios_base_useUITests */,
				5A4C1A3E1DC9CA8C00162CD9 /* Products */,
			);
			sourceTree = "<group>";
		};
		5A4C1A3E1DC9CA8C00162CD9 /* Products */ = {
			isa = PBXGroup;
			children = (
				5A4C1A3D1DC9CA8C00162CD9 /* ios_base_use.app */,
				5A4C1A511DC9CA8C00162CD9 /* ios_base_useTests.xctest */,
				5A4C1A5C1DC9CA8C00162CD9 /* ios_base_useUITests.xctest */,
			);
			name = Products;
			sourceTree = "<group>";
		};
		5A4C1A3F1DC9CA8C00162CD9 /* iso_base_use */ = {
			isa = PBXGroup;
			children = (
				5AC797941DD44B1600B0A183 /* JsonViewController.swift */,
				5AC797951DD44B1600B0A183 /* MyRootViewController.swift */,
				5AC797971DD44B1600B0A183 /* ProgressViewController.swift */,
				5A4C1A401DC9CA8C00162CD9 /* AppDelegate.swift */,
				5AC4D5C21DCC325500A89863 /* Main.storyboard */,
				5A5425D71DCC7168002AFD3D /* MyProgressViewController.swift */,
				5A4C1A421DC9CA8C00162CD9 /* ViewController.swift */,
				5A4C1A471DC9CA8C00162CD9 /* Assets.xcassets */,
				5A4C1A491DC9CA8C00162CD9 /* LaunchScreen.storyboard */,
				5A4C1A4C1DC9CA8C00162CD9 /* Info.plist */,
				5A4C1A6E1DC9D23100162CD9 /* TableViewController.swift */,
				5A8E1C701DCAD77B00A81624 /* MyTableViewController.swift */,
				5A8E1C721DCAE3E000A81624 /* NavifationFristViewController.swift */,
				5A6D81C61DCB2A930051F3DC /* NavigationSecondViewController.swift */,
				5A8369951DCC0F2000A0A9CB /* AlertDialogViewController.swift */,
				5A8369971DCC175500A0A9CB /* ValueSendFristViewController.swift */,
				5A8369991DCC176F00A0A9CB /* ValueSendSecondViewController.swift */,
				5A1807E51DD021C30097D8FB /* ThreadViewController.swift */,
				5A572EB21DD5586B00EDBA68 /* TabBarViewController.swift */,
			);
			name = iso_base_use;
			path = ios_base_use;
			sourceTree = "<group>";
		};
		5A4C1A541DC9CA8C00162CD9 /* ios_base_useTests */ = {
			isa = PBXGroup;
			children = (
				5A4C1A551DC9CA8C00162CD9 /* ios_base_useTests.swift */,
				5A4C1A571DC9CA8C00162CD9 /* Info.plist */,
			);
			path = ios_base_useTests;
			sourceTree = "<group>";
		};
		5A4C1A5F1DC9CA8C00162CD9 /* ios_base_useUITests */ = {
			isa = PBXGroup;
			children = (
				5A4C1A601DC9CA8C00162CD9 /* ios_base_useUITests.swift */,
				5A4C1A621DC9CA8C00162CD9 /* Info.plist */,
			);
			path = ios_base_useUITests;
			sourceTree = "<group>";
		};
/* End PBXGroup section */

/* Begin PBXNativeTarget section */
		5A4C1A3C1DC9CA8C00162CD9 /* ios_base_use */ = {
			isa = PBXNativeTarget;
			buildConfigurationList = 5A4C1A651DC9CA8C00162CD9 /* Build configuration list for PBXNativeTarget "ios_base_use" */;
			buildPhases = (
				5A4C1A391DC9CA8C00162CD9 /* Sources */,
				5A4C1A3A1DC9CA8C00162CD9 /* Frameworks */,
				5A4C1A3B1DC9CA8C00162CD9 /* Resources */,
			);
			buildRules = (
			);
			dependencies = (
			);
			name = ios_base_use;
			productName = ios_base_use;
			productReference = 5A4C1A3D1DC9CA8C00162CD9 /* ios_base_use.app */;
			productType = "com.apple.product-type.application";
		};
		5A4C1A501DC9CA8C00162CD9 /* ios_base_useTests */ = {
			isa = PBXNativeTarget;
			buildConfigurationList = 5A4C1A681DC9CA8C00162CD9 /* Build configuration list for PBXNativeTarget "ios_base_useTests" */;
			buildPhases = (
				5A4C1A4D1DC9CA8C00162CD9 /* Sources */,
				5A4C1A4E1DC9CA8C00162CD9 /* Frameworks */,
				5A4C1A4F1DC9CA8C00162CD9 /* Resources */,
			);
			buildRules = (
			);
			dependencies = (
				5A4C1A531DC9CA8C00162CD9 /* PBXTargetDependency */,
			);
			name = ios_base_useTests;
			productName = ios_base_useTests;
			productReference = 5A4C1A511DC9CA8C00162CD9 /* ios_base_useTests.xctest */;
			productType = "com.apple.product-type.bundle.unit-test";
		};
		5A4C1A5B1DC9CA8C00162CD9 /* ios_base_useUITests */ = {
			isa = PBXNativeTarget;
			buildConfigurationList = 5A4C1A6B1DC9CA8C00162CD9 /* Build configuration list for PBXNativeTarget "ios_base_useUITests" */;
			buildPhases = (
				5A4C1A581DC9CA8C00162CD9 /* Sources */,
				5A4C1A591DC9CA8C00162CD9 /* Frameworks */,
				5A4C1A5A1DC9CA8C00162CD9 /* Resources */,
			);
			buildRules = (
			);
			dependencies = (
				5A4C1A5E1DC9CA8C00162CD9 /* PBXTargetDependency */,
			);
			name = ios_base_useUITests;
			productName = ios_base_useUITests;
			productReference = 5A4C1A5C1DC9CA8C00162CD9 /* ios_base_useUITests.xctest */;
			productType = "com.apple.product-type.bundle.ui-testing";
		};
/* End PBXNativeTarget section */

/* Begin PBXProject section */
		5A4C1A351DC9CA8C00162CD9 /* Project object */ = {
			isa = PBXProject;
			attributes = {
				LastUpgradeCheck = 0710;
				ORGANIZATIONNAME = EDF;
				TargetAttributes = {
					5A4C1A3C1DC9CA8C00162CD9 = {
						CreatedOnToolsVersion = 7.1;
					};
					5A4C1A501DC9CA8C00162CD9 = {
						CreatedOnToolsVersion = 7.1;
						TestTargetID = 5A4C1A3C1DC9CA8C00162CD9;
					};
					5A4C1A5B1DC9CA8C00162CD9 = {
						CreatedOnToolsVersion = 7.1;
						TestTargetID = 5A4C1A3C1DC9CA8C00162CD9;
					};
				};
			};
			buildConfigurationList = 5A4C1A381DC9CA8C00162CD9 /* Build configuration list for PBXProject "ios_base_use" */;
			compatibilityVersion = "Xcode 3.2";
			developmentRegion = English;
			hasScannedForEncodings = 0;
			knownRegions = (
				en,
				Base,
			);
			mainGroup = 5A4C1A341DC9CA8C00162CD9;
			productRefGroup = 5A4C1A3E1DC9CA8C00162CD9 /* Products */;
			projectDirPath = "";
			projectRoot = "";
			targets = (
				5A4C1A3C1DC9CA8C00162CD9 /* ios_base_use */,
				5A4C1A501DC9CA8C00162CD9 /* ios_base_useTests */,
				5A4C1A5B1DC9CA8C00162CD9 /* ios_base_useUITests */,
			);
		};
/* End PBXProject section */

/* Begin PBXResourcesBuildPhase section */
		5A4C1A3B1DC9CA8C00162CD9 /* Resources */ = {
			isa = PBXResourcesBuildPhase;
			buildActionMask = 2147483647;
			files = (
				5AC4D5C41DCC325500A89863 /* Main.storyboard in Resources */,
				5A4C1A4B1DC9CA8C00162CD9 /* LaunchScreen.storyboard in Resources */,
				5A4C1A481DC9CA8C00162CD9 /* Assets.xcassets in Resources */,
			);
			runOnlyForDeploymentPostprocessing = 0;
		};
		5A4C1A4F1DC9CA8C00162CD9 /* Resources */ = {
			isa = PBXResourcesBuildPhase;
			buildActionMask = 2147483647;
			files = (
			);
			runOnlyForDeploymentPostprocessing = 0;
		};
		5A4C1A5A1DC9CA8C00162CD9 /* Resources */ = {
			isa = PBXResourcesBuildPhase;
			buildActionMask = 2147483647;
			files = (
			);
			runOnlyForDeploymentPostprocessing = 0;
		};
/* End PBXResourcesBuildPhase section */

/* Begin PBXSourcesBuildPhase section */
		5A4C1A391DC9CA8C00162CD9 /* Sources */ = {
			isa = PBXSourcesBuildPhase;
			buildActionMask = 2147483647;
			files = (
				5AC7979B1DD44B1600B0A183 /* ProgressViewController.swift in Sources */,
				5A4C1A431DC9CA8C00162CD9 /* ViewController.swift in Sources */,
				5AC797991DD44B1600B0A183 /* MyRootViewController.swift in Sources */,
				5A8E1C731DCAE3E000A81624 /* NavifationFristViewController.swift in Sources */,
				5A6D81C71DCB2A930051F3DC /* NavigationSecondViewController.swift in Sources */,
				5A8E1C711DCAD77B00A81624 /* MyTableViewController.swift in Sources */,
				5A4C1A6F1DC9D23100162CD9 /* TableViewController.swift in Sources */,
				5A83699A1DCC176F00A0A9CB /* ValueSendSecondViewController.swift in Sources */,
				5A4C1A411DC9CA8C00162CD9 /* AppDelegate.swift in Sources */,
				5A5425D81DCC7168002AFD3D /* MyProgressViewController.swift in Sources */,
				5AC797981DD44B1600B0A183 /* JsonViewController.swift in Sources */,
				5A1807E61DD021C30097D8FB /* ThreadViewController.swift in Sources */,
				5A8369961DCC0F2000A0A9CB /* AlertDialogViewController.swift in Sources */,
				5A572EB31DD5586B00EDBA68 /* TabBarViewController.swift in Sources */,
				5A8369981DCC175500A0A9CB /* ValueSendFristViewController.swift in Sources */,
			);
			runOnlyForDeploymentPostprocessing = 0;
		};
		5A4C1A4D1DC9CA8C00162CD9 /* Sources */ = {
			isa = PBXSourcesBuildPhase;
			buildActionMask = 2147483647;
			files = (
				5A4C1A561DC9CA8C00162CD9 /* ios_base_useTests.swift in Sources */,
			);
			runOnlyForDeploymentPostprocessing = 0;
		};
		5A4C1A581DC9CA8C00162CD9 /* Sources */ = {
			isa = PBXSourcesBuildPhase;
			buildActionMask = 2147483647;
			files = (
				5A4C1A611DC9CA8C00162CD9 /* ios_base_useUITests.swift in Sources */,
			);
			runOnlyForDeploymentPostprocessing = 0;
		};
/* End PBXSourcesBuildPhase section */

/* Begin PBXTargetDependency section */
		5A4C1A531DC9CA8C00162CD9 /* PBXTargetDependency */ = {
			isa = PBXTargetDependency;
			target = 5A4C1A3C1DC9CA8C00162CD9 /* ios_base_use */;
			targetProxy = 5A4C1A521DC9CA8C00162CD9 /* PBXContainerItemProxy */;
		};
		5A4C1A5E1DC9CA8C00162CD9 /* PBXTargetDependency */ = {
			isa = PBXTargetDependency;
			target = 5A4C1A3C1DC9CA8C00162CD9 /* ios_base_use */;
			targetProxy = 5A4C1A5D1DC9CA8C00162CD9 /* PBXContainerItemProxy */;
		};
/* End PBXTargetDependency section */

/* Begin PBXVariantGroup section */
		5A4C1A491DC9CA8C00162CD9 /* LaunchScreen.storyboard */ = {
			isa = PBXVariantGroup;
			children = (
				5A4C1A4A1DC9CA8C00162CD9 /* Base */,
			);
			name = LaunchScreen.storyboard;
			sourceTree = "<group>";
		};
		5AC4D5C21DCC325500A89863 /* Main.storyboard */ = {
			isa = PBXVariantGroup;
			children = (
				5AC4D5C31DCC325500A89863 /* Base */,
			);
			name = Main.storyboard;
			sourceTree = "<group>";
		};
/* End PBXVariantGroup section */

/* Begin XCBuildConfiguration section */
		5A4C1A631DC9CA8C00162CD9 /* Debug */ = {
			isa = XCBuildConfiguration;
			buildSettings = {
				ALWAYS_SEARCH_USER_PATHS = NO;
				CLANG_CXX_LANGUAGE_STANDARD = "gnu++0x";
				CLANG_CXX_LIBRARY = "libc++";
				CLANG_ENABLE_MODULES = YES;
				CLANG_ENABLE_OBJC_ARC = YES;
				CLANG_WARN_BOOL_CONVERSION = YES;
				CLANG_WARN_CONSTANT_CONVERSION = YES;
				CLANG_WARN_DIRECT_OBJC_ISA_USAGE = YES_ERROR;
				CLANG_WARN_EMPTY_BODY = YES;
				CLANG_WARN_ENUM_CONVERSION = YES;
				CLANG_WARN_INT_CONVERSION = YES;
				CLANG_WARN_OBJC_ROOT_CLASS = YES_ERROR;
				CLANG_WARN_UNREACHABLE_CODE = YES;
				CLANG_WARN__DUPLICATE_METHOD_MATCH = YES;
				"CODE_SIGN_IDENTITY[sdk=iphoneos*]" = "iPhone Developer";
				COPY_PHASE_STRIP = NO;
				DEBUG_INFORMATION_FORMAT = dwarf;
				ENABLE_STRICT_OBJC_MSGSEND = YES;
				ENABLE_TESTABILITY = YES;
				GCC_C_LANGUAGE_STANDARD = gnu99;
				GCC_DYNAMIC_NO_PIC = NO;
				GCC_NO_COMMON_BLOCKS = YES;
				GCC_OPTIMIZATION_LEVEL = 0;
				GCC_PREPROCESSOR_DEFINITIONS = (
					"DEBUG=1",
					"$(inherited)",
				);
				GCC_WARN_64_TO_32_BIT_CONVERSION = YES;
				GCC_WARN_ABOUT_RETURN_TYPE = YES_ERROR;
				GCC_WARN_UNDECLARED_SELECTOR = YES;
				GCC_WARN_UNINITIALIZED_AUTOS = YES_AGGRESSIVE;
				GCC_WARN_UNUSED_FUNCTION = YES;
				GCC_WARN_UNUSED_VARIABLE = YES;
				IPHONEOS_DEPLOYMENT_TARGET = 9.1;
				MTL_ENABLE_DEBUG_INFO = YES;
				ONLY_ACTIVE_ARCH = YES;
				SDKROOT = iphoneos;
				SWIFT_OPTIMIZATION_LEVEL = "-Onone";
				TARGETED_DEVICE_FAMILY = "1,2";
			};
			name = Debug;
		};
		5A4C1A641DC9CA8C00162CD9 /* Release */ = {
			isa = XCBuildConfiguration;
			buildSettings = {
				ALWAYS_SEARCH_USER_PATHS = NO;
				CLANG_CXX_LANGUAGE_STANDARD = "gnu++0x";
				CLANG_CXX_LIBRARY = "libc++";
				CLANG_ENABLE_MODULES = YES;
				CLANG_ENABLE_OBJC_ARC = YES;
				CLANG_WARN_BOOL_CONVERSION = YES;
				CLANG_WARN_CONSTANT_CONVERSION = YES;
				CLANG_WARN_DIRECT_OBJC_ISA_USAGE = YES_ERROR;
				CLANG_WARN_EMPTY_BODY = YES;
				CLANG_WARN_ENUM_CONVERSION = YES;
				CLANG_WARN_INT_CONVERSION = YES;
				CLANG_WARN_OBJC_ROOT_CLASS = YES_ERROR;
				CLANG_WARN_UNREACHABLE_CODE = YES;
				CLANG_WARN__DUPLICATE_METHOD_MATCH = YES;
				"CODE_SIGN_IDENTITY[sdk=iphoneos*]" = "iPhone Developer";
				COPY_PHASE_STRIP = NO;
				DEBUG_INFORMATION_FORMAT = "dwarf-with-dsym";
				ENABLE_NS_ASSERTIONS = NO;
				ENABLE_STRICT_OBJC_MSGSEND = YES;
				GCC_C_LANGUAGE_STANDARD = gnu99;
				GCC_NO_COMMON_BLOCKS = YES;
				GCC_WARN_64_TO_32_BIT_CONVERSION = YES;
				GCC_WARN_ABOUT_RETURN_TYPE = YES_ERROR;
				GCC_WARN_UNDECLARED_SELECTOR = YES;
				GCC_WARN_UNINITIALIZED_AUTOS = YES_AGGRESSIVE;
				GCC_WARN_UNUSED_FUNCTION = YES;
				GCC_WARN_UNUSED_VARIABLE = YES;
				IPHONEOS_DEPLOYMENT_TARGET = 9.1;
				MTL_ENABLE_DEBUG_INFO = NO;
				SDKROOT = iphoneos;
				TARGETED_DEVICE_FAMILY = "1,2";
				VALIDATE_PRODUCT = YES;
			};
			name = Release;
		};
		5A4C1A661DC9CA8C00162CD9 /* Debug */ = {
			isa = XCBuildConfiguration;
			buildSettings = {
				ASSETCATALOG_COMPILER_APPICON_NAME = AppIcon;
				INFOPLIST_FILE = ios_base_use/Info.plist;
				LD_RUNPATH_SEARCH_PATHS = "$(inherited) @executable_path/Frameworks";
				PRODUCT_BUNDLE_IDENTIFIER = "com.mbz.ios-base-use";
				PRODUCT_NAME = "$(TARGET_NAME)";
			};
			name = Debug;
		};
		5A4C1A671DC9CA8C00162CD9 /* Release */ = {
			isa = XCBuildConfiguration;
			buildSettings = {
				ASSETCATALOG_COMPILER_APPICON_NAME = AppIcon;
				INFOPLIST_FILE = ios_base_use/Info.plist;
				LD_RUNPATH_SEARCH_PATHS = "$(inherited) @executable_path/Frameworks";
				PRODUCT_BUNDLE_IDENTIFIER = "com.mbz.ios-base-use";
				PRODUCT_NAME = "$(TARGET_NAME)";
			};
			name = Release;
		};
		5A4C1A691DC9CA8C00162CD9 /* Debug */ = {
			isa = XCBuildConfiguration;
			buildSettings = {
				BUNDLE_LOADER = "$(TEST_HOST)";
				INFOPLIST_FILE = ios_base_useTests/Info.plist;
				LD_RUNPATH_SEARCH_PATHS = "$(inherited) @executable_path/Frameworks @loader_path/Frameworks";
				PRODUCT_BUNDLE_IDENTIFIER = "com.mbz.ios-base-useTests";
				PRODUCT_NAME = "$(TARGET_NAME)";
				TEST_HOST = "$(BUILT_PRODUCTS_DIR)/ios_base_use.app/ios_base_use";
			};
			name = Debug;
		};
		5A4C1A6A1DC9CA8C00162CD9 /* Release */ = {
			isa = XCBuildConfiguration;
			buildSettings = {
				BUNDLE_LOADER = "$(TEST_HOST)";
				INFOPLIST_FILE = ios_base_useTests/Info.plist;
				LD_RUNPATH_SEARCH_PATHS = "$(inherited) @executable_path/Frameworks @loader_path/Frameworks";
				PRODUCT_BUNDLE_IDENTIFIER = "com.mbz.ios-base-useTests";
				PRODUCT_NAME = "$(TARGET_NAME)";
				TEST_HOST = "$(BUILT_PRODUCTS_DIR)/ios_base_use.app/ios_base_use";
			};
			name = Release;
		};
		5A4C1A6C1DC9CA8C00162CD9 /* Debug */ = {
			isa = XCBuildConfiguration;
			buildSettings = {
				INFOPLIST_FILE = ios_base_useUITests/Info.plist;
				LD_RUNPATH_SEARCH_PATHS = "$(inherited) @executable_path/Frameworks @loader_path/Frameworks";
				PRODUCT_BUNDLE_IDENTIFIER = "com.mbz.ios-base-useUITests";
				PRODUCT_NAME = "$(TARGET_NAME)";
				TEST_TARGET_NAME = ios_base_use;
				USES_XCTRUNNER = YES;
			};
			name = Debug;
		};
		5A4C1A6D1DC9CA8C00162CD9 /* Release */ = {
			isa = XCBuildConfiguration;
			buildSettings = {
				INFOPLIST_FILE = ios_base_useUITests/Info.plist;
				LD_RUNPATH_SEARCH_PATHS = "$(inherited) @executable_path/Frameworks @loader_path/Frameworks";
				PRODUCT_BUNDLE_IDENTIFIER = "com.mbz.ios-base-useUITests";
				PRODUCT_NAME = "$(TARGET_NAME)";
				TEST_TARGET_NAME = ios_base_use;
				USES_XCTRUNNER = YES;
			};
			name = Release;
		};
/* End XCBuildConfiguration section */

/* Begin XCConfigurationList section */
		5A4C1A381DC9CA8C00162CD9 /* Build configuration list for PBXProject "ios_base_use" */ = {
			isa = XCConfigurationList;
			buildConfigurations = (
				5A4C1A631DC9CA8C00162CD9 /* Debug */,
				5A4C1A641DC9CA8C00162CD9 /* Release */,
			);
			defaultConfigurationIsVisible = 0;
			defaultConfigurationName = Release;
		};
		5A4C1A651DC9CA8C00162CD9 /* Build configuration list for PBXNativeTarget "ios_base_use" */ = {
			isa = XCConfigurationList;
			buildConfigurations = (
				5A4C1A661DC9CA8C00162CD9 /* Debug */,
				5A4C1A671DC9CA8C00162CD9 /* Release */,
			);
			defaultConfigurationIsVisible = 0;
			defaultConfigurationName = Release;
		};
		5A4C1A681DC9CA8C00162CD9 /* Build configuration list for PBXNativeTarget "ios_base_useTests" */ = {
			isa = XCConfigurationList;
			buildConfigurations = (
				5A4C1A691DC9CA8C00162CD9 /* Debug */,
				5A4C1A6A1DC9CA8C00162CD9 /* Release */,
			);
			defaultConfigurationIsVisible = 0;
			defaultConfigurationName = Release;
		};
		5A4C1A6B1DC9CA8C00162CD9 /* Build configuration list for PBXNativeTarget "ios_base_useUITests" */ = {
			isa = XCConfigurationList;
			buildConfigurations = (
				5A4C1A6C1DC9CA8C00162CD9 /* Debug */,
				5A4C1A6D1DC9CA8C00162CD9 /* Release */,
			);
			defaultConfigurationIsVisible = 0;
			defaultConfigurationName = Release;
		};
/* End XCConfigurationList section */
	};
	rootObject = 5A4C1A351DC9CA8C00162CD9 /* Project object */;
}
